
Microsoft Visual Studio Solution File, Format Version 12.00
# Visual Studio Version 17
VisualStudioVersion = 17.5.33627.172
MinimumVisualStudioVersion = 10.0.40219.1
Project("{9A19103F-16F7-4668-BE54-9A1E7A4F7556}") = "cs_sqlo", "cs_sqlo\cs_sqlo.csproj", "{5D6CF446-80F5-40D4-B956-39869597F98B}"
EndProject
Project("{9A19103F-16F7-4668-BE54-9A1E7A4F7556}") = "cs_sqlo_my", "cs_sqlo_my\cs_sqlo_my.csproj", "{25D0D98B-2734-4445-82AD-260D7EF4877D}"
EndProject
Project("{9A19103F-16F7-4668-BE54-9A1E7A4F7556}") = "cs_sqlo_ss", "cs_sqlo_ss\cs_sqlo_ss.csproj", "{15DE482F-5207-495F-8353-4C908D9671F7}"
EndProject
Project("{9A19103F-16F7-4668-BE54-9A1E7A4F7556}") = "ConsoleApp1", "ConsoleApp1\ConsoleApp1.csproj", "{30994DE1-2DE5-43EE-9369-BA8045B9C118}"
EndProject
Project("{FAE04EC0-301F-11D3-BF4B-00C04F79EFBC}") = "ConsolaMy", "ConsolaMy\ConsolaMy.csproj", "{A45883BF-C034-45E7-B5BA-DA0A179F8D92}"
EndProject
Global
	GlobalSection(SolutionConfigurationPlatforms) = preSolution
		Debug|Any CPU = Debug|Any CPU
		Release|Any CPU = Release|Any CPU
	EndGlobalSection
	GlobalSection(ProjectConfigurationPlatforms) = postSolution
		{5D6CF446-80F5-40D4-B956-39869597F98B}.Debug|Any CPU.ActiveCfg = Debug|Any CPU
		{5D6CF446-80F5-40D4-B956-39869597F98B}.Debug|Any CPU.Build.0 = Debug|Any CPU
		{5D6CF446-80F5-40D4-B956-39869597F98B}.Release|Any CPU.ActiveCfg = Release|Any CPU
		{5D6CF446-80F5-40D4-B956-39869597F98B}.Release|Any CPU.Build.0 = Release|Any CPU
		{25D0D98B-2734-4445-82AD-260D7EF4877D}.Debug|Any CPU.ActiveCfg = Debug|Any CPU
		{25D0D98B-2734-4445-82AD-260D7EF4877D}.Debug|Any CPU.Build.0 = Debug|Any CPU
		{25D0D98B-2734-4445-82AD-260D7EF4877D}.Release|Any CPU.ActiveCfg = Release|Any CPU
		{25D0D98B-2734-4445-82AD-260D7EF4877D}.Release|Any CPU.Build.0 = Release|Any CPU
		{15DE482F-5207-495F-8353-4C908D9671F7}.Debug|Any CPU.ActiveCfg = Debug|Any CPU
		{15DE482F-5207-495F-8353-4C908D9671F7}.Debug|Any CPU.Build.0 = Debug|Any CPU
		{15DE482F-5207-495F-8353-4C908D9671F7}.Release|Any CPU.ActiveCfg = Release|Any CPU
		{15DE482F-5207-495F-8353-4C908D9671F7}.Release|Any CPU.Build.0 = Release|Any CPU
		{30994DE1-2DE5-43EE-9369-BA8045B9C118}.Debug|Any CPU.ActiveCfg = Debug|Any CPU
		{30994DE1-2DE5-43EE-9369-BA8045B9C118}.Debug|Any CPU.Build.0 = Debug|Any CPU
		{30994DE1-2DE5-43EE-9369-BA8045B9C118}.Release|Any CPU.ActiveCfg = Release|Any CPU
		{30994DE1-2DE5-43EE-9369-BA8045B9C118}.Release|Any CPU.Build.0 = Release|Any CPU
		{A45883BF-C034-45E7-B5BA-DA0A179F8D92}.Debug|Any CPU.ActiveCfg = Debug|Any CPU
		{A45883BF-C034-45E7-B5BA-DA0A179F8D92}.Debug|Any CPU.Build.0 = Debug|Any CPU
		{A45883BF-C034-45E7-B5BA-DA0A179F8D92}.Release|Any CPU.ActiveCfg = Release|Any CPU
		{A45883BF-C034-45E7-B5BA-DA0A179F8D92}.Release|Any CPU.Build.0 = Release|Any CPU
	EndGlobalSection
	GlobalSection(SolutionProperties) = preSolution
		HideSolutionNode = FALSE
	EndGlobalSection
	GlobalSection(ExtensibilityGlobals) = postSolution
		SolutionGuid = {CB7C90E5-70CD-4A90-BAF8-B6125A991AB9}
	EndGlobalSection
EndGlobal
